// !$*UTF8*$!
{
	archiveVersion = 1;
	classes = {
	};
	objectVersion = 50;
	objects = {

/* Begin PBXBuildFile section */
		8402985221F769FC00BDE243 /* TableViewCell.m in Sources */ = {isa = PBXBuildFile; fileRef = 8402985121F769FC00BDE243 /* TableViewCell.m */; };
		8402985521F77E6300BDE243 /* MoveView.m in Sources */ = {isa = PBXBuildFile; fileRef = 8402985421F77E6300BDE243 /* MoveView.m */; };
		8402985821F7862700BDE243 /* Part1_TableViewCell.m in Sources */ = {isa = PBXBuildFile; fileRef = 8402985721F7862700BDE243 /* Part1_TableViewCell.m */; };
		8402985B21F7863E00BDE243 /* Part2_TableViewCell.m in Sources */ = {isa = PBXBuildFile; fileRef = 8402985A21F7863E00BDE243 /* Part2_TableViewCell.m */; };
		8402985E21F7864D00BDE243 /* Part3_TableViewCell.m in Sources */ = {isa = PBXBuildFile; fileRef = 8402985D21F7864D00BDE243 /* Part3_TableViewCell.m */; };
		8404C23221F314400070D11C /* YModel.m in Sources */ = {isa = PBXBuildFile; fileRef = 8404C23121F314400070D11C /* YModel.m */; };
		8404C23521F314540070D11C /* YView.m in Sources */ = {isa = PBXBuildFile; fileRef = 8404C23421F314540070D11C /* YView.m */; };
		8404C23A21F325220070D11C /* 0.jpeg in Resources */ = {isa = PBXBuildFile; fileRef = 8404C23921F325220070D11C /* 0.jpeg */; };
		8404C23E21F325530070D11C /* 6.jpeg in Resources */ = {isa = PBXBuildFile; fileRef = 8404C23D21F325530070D11C /* 6.jpeg */; };
		8404C24021F325580070D11C /* 5.jpeg in Resources */ = {isa = PBXBuildFile; fileRef = 8404C23F21F325580070D11C /* 5.jpeg */; };
		8404C24221F3255E0070D11C /* 4.jpeg in Resources */ = {isa = PBXBuildFile; fileRef = 8404C24121F3255E0070D11C /* 4.jpeg */; };
		8404C24421F325620070D11C /* 3.jpeg in Resources */ = {isa = PBXBuildFile; fileRef = 8404C24321F325620070D11C /* 3.jpeg */; };
		8404C24621F325660070D11C /* 2.jpeg in Resources */ = {isa = PBXBuildFile; fileRef = 8404C24521F325660070D11C /* 2.jpeg */; };
		8404C24821F3256B0070D11C /* 1.jpeg in Resources */ = {isa = PBXBuildFile; fileRef = 8404C24721F3256B0070D11C /* 1.jpeg */; };
		845FCBFE21F1A2C700449278 /* AppDelegate.m in Sources */ = {isa = PBXBuildFile; fileRef = 845FCBFD21F1A2C700449278 /* AppDelegate.m */; };
		845FCC0121F1A2C700449278 /* ViewController.m in Sources */ = {isa = PBXBuildFile; fileRef = 845FCC0021F1A2C700449278 /* ViewController.m */; };
		845FCC0421F1A2C700449278 /* Main.storyboard in Resources */ = {isa = PBXBuildFile; fileRef = 845FCC0221F1A2C700449278 /* Main.storyboard */; };
		845FCC0621F1A2CE00449278 /* Assets.xcassets in Resources */ = {isa = PBXBuildFile; fileRef = 845FCC0521F1A2CE00449278 /* Assets.xcassets */; };
		845FCC0921F1A2CE00449278 /* LaunchScreen.storyboard in Resources */ = {isa = PBXBuildFile; fileRef = 845FCC0721F1A2CE00449278 /* LaunchScreen.storyboard */; };
		845FCC0C21F1A2CE00449278 /* main.m in Sources */ = {isa = PBXBuildFile; fileRef = 845FCC0B21F1A2CE00449278 /* main.m */; };
		845FCC1621F1A2CE00449278 /* ____Tests.m in Sources */ = {isa = PBXBuildFile; fileRef = 845FCC1521F1A2CE00449278 /* ____Tests.m */; };
		845FCC2121F1A2CE00449278 /* ____UITests.m in Sources */ = {isa = PBXBuildFile; fileRef = 845FCC2021F1A2CE00449278 /* ____UITests.m */; };
		84A65A24221461B500A161B7 /* YWebView.m in Sources */ = {isa = PBXBuildFile; fileRef = 84A65A23221461B500A161B7 /* YWebView.m */; };
		84A65A26221471A100A161B7 /* back.png in Resources */ = {isa = PBXBuildFile; fileRef = 84A65A25221471A100A161B7 /* back.png */; };
		84B1BBB121F4557E002499A2 /* JModel.m in Sources */ = {isa = PBXBuildFile; fileRef = 84B1BBB021F4557E002499A2 /* JModel.m */; };
		84B27A2F22007D3A007F3069 /* YSegleHand.m in Sources */ = {isa = PBXBuildFile; fileRef = 84B27A2E22007D3A007F3069 /* YSegleHand.m */; };
		84EBA59121F8E58700DC60C9 /* voice.png in Resources */ = {isa = PBXBuildFile; fileRef = 84EBA59021F8E58600DC60C9 /* voice.png */; };
		84EBA59321F8E59900DC60C9 /* collection1.png in Resources */ = {isa = PBXBuildFile; fileRef = 84EBA59221F8E59900DC60C9 /* collection1.png */; };
		84EBA59521F8E5B200DC60C9 /* collection0.png in Resources */ = {isa = PBXBuildFile; fileRef = 84EBA59421F8E5B200DC60C9 /* collection0.png */; };
		B782E1B891C5BC5672EED0A1 /* libPods-寒假项目.a in Frameworks */ = {isa = PBXBuildFile; fileRef = 11A02AC4963925E40F38F62A /* libPods-寒假项目.a */; };
/* End PBXBuildFile section */

/* Begin PBXContainerItemProxy section */
		845FCC1221F1A2CE00449278 /* PBXContainerItemProxy */ = {
			isa = PBXContainerItemProxy;
			containerPortal = 845FCBF121F1A2C700449278 /* Project object */;
			proxyType = 1;
			remoteGlobalIDString = 845FCBF821F1A2C700449278;
			remoteInfo = "寒假项目";
		};
		845FCC1D21F1A2CE00449278 /* PBXContainerItemProxy */ = {
			isa = PBXContainerItemProxy;
			containerPortal = 845FCBF121F1A2C700449278 /* Project object */;
			proxyType = 1;
			remoteGlobalIDString = 845FCBF821F1A2C700449278;
			remoteInfo = "寒假项目";
		};
/* End PBXContainerItemProxy section */

/* Begin PBXFileReference section */
		11A02AC4963925E40F38F62A /* libPods-寒假项目.a */ = {isa = PBXFileReference; explicitFileType = archive.ar; includeInIndex = 0; path = "libPods-寒假项目.a"; sourceTree = BUILT_PRODUCTS_DIR; };
		5120EEC414618F5A533B3DBD /* Pods-寒假项目.debug.xcconfig */ = {isa = PBXFileReference; includeInIndex = 1; lastKnownFileType = text.xcconfig; name = "Pods-寒假项目.debug.xcconfig"; path = "Pods/Target Support Files/Pods-寒假项目/Pods-寒假项目.debug.xcconfig"; sourceTree = "<group>"; };
		7C177E265BF4B7D42CCE5218 /* Pods-寒假项目.release.xcconfig */ = {isa = PBXFileReference; includeInIndex = 1; lastKnownFileType = text.xcconfig; name = "Pods-寒假项目.release.xcconfig"; path = "Pods/Target Support Files/Pods-寒假项目/Pods-寒假项目.release.xcconfig"; sourceTree = "<group>"; };
		8402985021F769FC00BDE243 /* TableViewCell.h */ = {isa = PBXFileReference; lastKnownFileType = sourcecode.c.h; path = TableViewCell.h; sourceTree = "<group>"; };
		8402985121F769FC00BDE243 /* TableViewCell.m */ = {isa = PBXFileReference; lastKnownFileType = sourcecode.c.objc; path = TableViewCell.m; sourceTree = "<group>"; };
		8402985321F77E6300BDE243 /* MoveView.h */ = {isa = PBXFileReference; lastKnownFileType = sourcecode.c.h; path = MoveView.h; sourceTree = "<group>"; };
		8402985421F77E6300BDE243 /* MoveView.m */ = {isa = PBXFileReference; lastKnownFileType = sourcecode.c.objc; path = MoveView.m; sourceTree = "<group>"; };
		8402985621F7862700BDE243 /* Part1_TableViewCell.h */ = {isa = PBXFileReference; lastKnownFileType = sourcecode.c.h; path = Part1_TableViewCell.h; sourceTree = "<group>"; };
		8402985721F7862700BDE243 /* Part1_TableViewCell.m */ = {isa = PBXFileReference; lastKnownFileType = sourcecode.c.objc; path = Part1_TableViewCell.m; sourceTree = "<group>"; };
		8402985921F7863E00BDE243 /* Part2_TableViewCell.h */ = {isa = PBXFileReference; lastKnownFileType = sourcecode.c.h; path = Part2_TableViewCell.h; sourceTree = "<group>"; };
		8402985A21F7863E00BDE243 /* Part2_TableViewCell.m */ = {isa = PBXFileReference; lastKnownFileType = sourcecode.c.objc; path = Part2_TableViewCell.m; sourceTree = "<group>"; };
		8402985C21F7864D00BDE243 /* Part3_TableViewCell.h */ = {isa = PBXFileReference; lastKnownFileType = sourcecode.c.h; path = Part3_TableViewCell.h; sourceTree = "<group>"; };
		8402985D21F7864D00BDE243 /* Part3_TableViewCell.m */ = {isa = PBXFileReference; lastKnownFileType = sourcecode.c.objc; path = Part3_TableViewCell.m; sourceTree = "<group>"; };
		8404C23021F314400070D11C /* YModel.h */ = {isa = PBXFileReference; lastKnownFileType = sourcecode.c.h; path = YModel.h; sourceTree = "<group>"; };
		8404C23121F314400070D11C /* YModel.m */ = {isa = PBXFileReference; lastKnownFileType = sourcecode.c.objc; path = YModel.m; sourceTree = "<group>"; };
		8404C23321F314540070D11C /* YView.h */ = {isa = PBXFileReference; lastKnownFileType = sourcecode.c.h; path = YView.h; sourceTree = "<group>"; };
		8404C23421F314540070D11C /* YView.m */ = {isa = PBXFileReference; lastKnownFileType = sourcecode.c.objc; path = YView.m; sourceTree = "<group>"; };
		8404C23921F325220070D11C /* 0.jpeg */ = {isa = PBXFileReference; lastKnownFileType = image.jpeg; path = 0.jpeg; sourceTree = SOURCE_ROOT; };
		8404C23D21F325530070D11C /* 6.jpeg */ = {isa = PBXFileReference; lastKnownFileType = image.jpeg; path = 6.jpeg; sourceTree = SOURCE_ROOT; };
		8404C23F21F325580070D11C /* 5.jpeg */ = {isa = PBXFileReference; lastKnownFileType = image.jpeg; path = 5.jpeg; sourceTree = SOURCE_ROOT; };
		8404C24121F3255E0070D11C /* 4.jpeg */ = {isa = PBXFileReference; lastKnownFileType = image.jpeg; path = 4.jpeg; sourceTree = SOURCE_ROOT; };
		8404C24321F325620070D11C /* 3.jpeg */ = {isa = PBXFileReference; lastKnownFileType = image.jpeg; path = 3.jpeg; sourceTree = SOURCE_ROOT; };
		8404C24521F325660070D11C /* 2.jpeg */ = {isa = PBXFileReference; lastKnownFileType = image.jpeg; path = 2.jpeg; sourceTree = SOURCE_ROOT; };
		8404C24721F3256B0070D11C /* 1.jpeg */ = {isa = PBXFileReference; lastKnownFileType = image.jpeg; path = 1.jpeg; sourceTree = SOURCE_ROOT; };
		845FCBF921F1A2C700449278 /* 寒假项目.app */ = {isa = PBXFileReference; explicitFileType = wrapper.application; includeInIndex = 0; path = "寒假项目.app"; sourceTree = BUILT_PRODUCTS_DIR; };
		845FCBFC21F1A2C700449278 /* AppDelegate.h */ = {isa = PBXFileReference; lastKnownFileType = sourcecode.c.h; path = AppDelegate.h; sourceTree = "<group>"; };
		845FCBFD21F1A2C700449278 /* AppDelegate.m */ = {isa = PBXFileReference; lastKnownFileType = sourcecode.c.objc; path = AppDelegate.m; sourceTree = "<group>"; };
		845FCBFF21F1A2C700449278 /* ViewController.h */ = {isa = PBXFileReference; lastKnownFileType = sourcecode.c.h; path = ViewController.h; sourceTree = "<group>"; };
		845FCC0021F1A2C700449278 /* ViewController.m */ = {isa = PBXFileReference; lastKnownFileType = sourcecode.c.objc; path = ViewController.m; sourceTree = "<group>"; };
		845FCC0321F1A2C700449278 /* Base */ = {isa = PBXFileReference; lastKnownFileType = file.storyboard; name = Base; path = Base.lproj/Main.storyboard; sourceTree = "<group>"; };
		845FCC0521F1A2CE00449278 /* Assets.xcassets */ = {isa = PBXFileReference; lastKnownFileType = folder.assetcatalog; path = Assets.xcassets; sourceTree = "<group>"; };
		845FCC0821F1A2CE00449278 /* Base */ = {isa = PBXFileReference; lastKnownFileType = file.storyboard; name = Base; path = Base.lproj/LaunchScreen.storyboard; sourceTree = "<group>"; };
		845FCC0A21F1A2CE00449278 /* Info.plist */ = {isa = PBXFileReference; lastKnownFileType = text.plist.xml; path = Info.plist; sourceTree = "<group>"; };
		845FCC0B21F1A2CE00449278 /* main.m */ = {isa = PBXFileReference; lastKnownFileType = sourcecode.c.objc; path = main.m; sourceTree = "<group>"; };
		845FCC1121F1A2CE00449278 /* 寒假项目Tests.xctest */ = {isa = PBXFileReference; explicitFileType = wrapper.cfbundle; includeInIndex = 0; path = "寒假项目Tests.xctest"; sourceTree = BUILT_PRODUCTS_DIR; };
		845FCC1521F1A2CE00449278 /* ____Tests.m */ = {isa = PBXFileReference; lastKnownFileType = sourcecode.c.objc; path = "____Tests.m"; sourceTree = "<group>"; };
		845FCC1721F1A2CE00449278 /* Info.plist */ = {isa = PBXFileReference; lastKnownFileType = text.plist.xml; path = Info.plist; sourceTree = "<group>"; };
		845FCC1C21F1A2CE00449278 /* 寒假项目UITests.xctest */ = {isa = PBXFileReference; explicitFileType = wrapper.cfbundle; includeInIndex = 0; path = "寒假项目UITests.xctest"; sourceTree = BUILT_PRODUCTS_DIR; };
		845FCC2021F1A2CE00449278 /* ____UITests.m */ = {isa = PBXFileReference; lastKnownFileType = sourcecode.c.objc; path = "____UITests.m"; sourceTree = "<group>"; };
		845FCC2221F1A2CE00449278 /* Info.plist */ = {isa = PBXFileReference; lastKnownFileType = text.plist.xml; path = Info.plist; sourceTree = "<group>"; };
		84A65A22221461B500A161B7 /* YWebView.h */ = {isa = PBXFileReference; lastKnownFileType = sourcecode.c.h; path = YWebView.h; sourceTree = "<group>"; };
		84A65A23221461B500A161B7 /* YWebView.m */ = {isa = PBXFileReference; lastKnownFileType = sourcecode.c.objc; path = YWebView.m; sourceTree = "<group>"; };
		84A65A25221471A100A161B7 /* back.png */ = {isa = PBXFileReference; lastKnownFileType = image.png; path = back.png; sourceTree = "<group>"; };
		84B1BBAF21F4557E002499A2 /* JModel.h */ = {isa = PBXFileReference; lastKnownFileType = sourcecode.c.h; path = JModel.h; sourceTree = "<group>"; };
		84B1BBB021F4557E002499A2 /* JModel.m */ = {isa = PBXFileReference; lastKnownFileType = sourcecode.c.objc; path = JModel.m; sourceTree = "<group>"; };
		84B27A2D22007D3A007F3069 /* YSegleHand.h */ = {isa = PBXFileReference; lastKnownFileType = sourcecode.c.h; path = YSegleHand.h; sourceTree = "<group>"; };
		84B27A2E22007D3A007F3069 /* YSegleHand.m */ = {isa = PBXFileReference; lastKnownFileType = sourcecode.c.objc; path = YSegleHand.m; sourceTree = "<group>"; };
		84EBA59021F8E58600DC60C9 /* voice.png */ = {isa = PBXFileReference; lastKnownFileType = image.png; path = voice.png; sourceTree = "<group>"; };
		84EBA59221F8E59900DC60C9 /* collection1.png */ = {isa = PBXFileReference; lastKnownFileType = image.png; path = collection1.png; sourceTree = "<group>"; };
		84EBA59421F8E5B200DC60C9 /* collection0.png */ = {isa = PBXFileReference; lastKnownFileType = image.png; path = collection0.png; sourceTree = "<group>"; };
/* End PBXFileReference section */

/* Begin PBXFrameworksBuildPhase section */
		845FCBF621F1A2C700449278 /* Frameworks */ = {
			isa = PBXFrameworksBuildPhase;
			buildActionMask = 2147483647;
			files = (
				B782E1B891C5BC5672EED0A1 /* libPods-寒假项目.a in Frameworks */,
			);
			runOnlyForDeploymentPostprocessing = 0;
		};
		845FCC0E21F1A2CE00449278 /* Frameworks */ = {
			isa = PBXFrameworksBuildPhase;
			buildActionMask = 2147483647;
			files = (
			);
			runOnlyForDeploymentPostprocessing = 0;
		};
		845FCC1921F1A2CE00449278 /* Frameworks */ = {
			isa = PBXFrameworksBuildPhase;
			buildActionMask = 2147483647;
			files = (
			);
			runOnlyForDeploymentPostprocessing = 0;
		};
/* End PBXFrameworksBuildPhase section */

/* Begin PBXGroup section */
		6EB2A06A5A61423AAAB00AA3 /* Frameworks */ = {
			isa = PBXGroup;
			children = (
				11A02AC4963925E40F38F62A /* libPods-寒假项目.a */,
			);
			name = Frameworks;
			sourceTree = "<group>";
		};
		8402984D21F7696800BDE243 /* Model */ = {
			isa = PBXGroup;
			children = (
				8404C23021F314400070D11C /* YModel.h */,
				8404C23121F314400070D11C /* YModel.m */,
				84B27A2D22007D3A007F3069 /* YSegleHand.h */,
				84B27A2E22007D3A007F3069 /* YSegleHand.m */,
				84B1BBAF21F4557E002499A2 /* JModel.h */,
				84B1BBB021F4557E002499A2 /* JModel.m */,
			);
			path = Model;
			sourceTree = "<group>";
		};
		8402984E21F7698D00BDE243 /* View */ = {
			isa = PBXGroup;
			children = (
				8404C23321F314540070D11C /* YView.h */,
				8404C23421F314540070D11C /* YView.m */,
				8402985321F77E6300BDE243 /* MoveView.h */,
				8402985421F77E6300BDE243 /* MoveView.m */,
				84A65A22221461B500A161B7 /* YWebView.h */,
				84A65A23221461B500A161B7 /* YWebView.m */,
				8402985021F769FC00BDE243 /* TableViewCell.h */,
				8402985121F769FC00BDE243 /* TableViewCell.m */,
				8402985621F7862700BDE243 /* Part1_TableViewCell.h */,
				8402985721F7862700BDE243 /* Part1_TableViewCell.m */,
				8402985921F7863E00BDE243 /* Part2_TableViewCell.h */,
				8402985A21F7863E00BDE243 /* Part2_TableViewCell.m */,
				8402985C21F7864D00BDE243 /* Part3_TableViewCell.h */,
				8402985D21F7864D00BDE243 /* Part3_TableViewCell.m */,
			);
			path = View;
			sourceTree = "<group>";
		};
		8402984F21F769A500BDE243 /* Controller */ = {
			isa = PBXGroup;
			children = (
				845FCBFF21F1A2C700449278 /* ViewController.h */,
				845FCC0021F1A2C700449278 /* ViewController.m */,
			);
			path = Controller;
			sourceTree = "<group>";
		};
		8404C23621F324B60070D11C /* picture */ = {
			isa = PBXGroup;
			children = (
				8404C23921F325220070D11C /* 0.jpeg */,
				8404C24721F3256B0070D11C /* 1.jpeg */,
				8404C24521F325660070D11C /* 2.jpeg */,
				8404C24321F325620070D11C /* 3.jpeg */,
				8404C24121F3255E0070D11C /* 4.jpeg */,
				8404C23F21F325580070D11C /* 5.jpeg */,
				8404C23D21F325530070D11C /* 6.jpeg */,
				84EBA59021F8E58600DC60C9 /* voice.png */,
				84A65A25221471A100A161B7 /* back.png */,
				84EBA59221F8E59900DC60C9 /* collection1.png */,
				84EBA59421F8E5B200DC60C9 /* collection0.png */,
			);
			path = picture;
			sourceTree = "<group>";
		};
		845FCBF021F1A2C700449278 = {
			isa = PBXGroup;
			children = (
				8404C23621F324B60070D11C /* picture */,
				845FCBFB21F1A2C700449278 /* 寒假项目 */,
				845FCC1421F1A2CE00449278 /* 寒假项目Tests */,
				845FCC1F21F1A2CE00449278 /* 寒假项目UITests */,
				845FCBFA21F1A2C700449278 /* Products */,
				9A2F5786B3FB2DC9E84216F7 /* Pods */,
				6EB2A06A5A61423AAAB00AA3 /* Frameworks */,
			);
			sourceTree = "<group>";
		};
		845FCBFA21F1A2C700449278 /* Products */ = {
			isa = PBXGroup;
			children = (
				845FCBF921F1A2C700449278 /* 寒假项目.app */,
				845FCC1121F1A2CE00449278 /* 寒假项目Tests.xctest */,
				845FCC1C21F1A2CE00449278 /* 寒假项目UITests.xctest */,
			);
			name = Products;
			sourceTree = "<group>";
		};
		845FCBFB21F1A2C700449278 /* 寒假项目 */ = {
			isa = PBXGroup;
			children = (
				845FCBFC21F1A2C700449278 /* AppDelegate.h */,
				845FCBFD21F1A2C700449278 /* AppDelegate.m */,
				8402984D21F7696800BDE243 /* Model */,
				8402984E21F7698D00BDE243 /* View */,
				8402984F21F769A500BDE243 /* Controller */,
				845FCC0221F1A2C700449278 /* Main.storyboard */,
				845FCC0521F1A2CE00449278 /* Assets.xcassets */,
				845FCC0721F1A2CE00449278 /* LaunchScreen.storyboard */,
				845FCC0A21F1A2CE00449278 /* Info.plist */,
				845FCC0B21F1A2CE00449278 /* main.m */,
			);
			path = "寒假项目";
			sourceTree = "<group>";
		};
		845FCC1421F1A2CE00449278 /* 寒假项目Tests */ = {
			isa = PBXGroup;
			children = (
				845FCC1521F1A2CE00449278 /* ____Tests.m */,
				845FCC1721F1A2CE00449278 /* Info.plist */,
			);
			path = "寒假项目Tests";
			sourceTree = "<group>";
		};
		845FCC1F21F1A2CE00449278 /* 寒假项目UITests */ = {
			isa = PBXGroup;
			children = (
				845FCC2021F1A2CE00449278 /* ____UITests.m */,
				845FCC2221F1A2CE00449278 /* Info.plist */,
			);
			path = "寒假项目UITests";
			sourceTree = "<group>";
		};
		9A2F5786B3FB2DC9E84216F7 /* Pods */ = {
			isa = PBXGroup;
			children = (
				5120EEC414618F5A533B3DBD /* Pods-寒假项目.debug.xcconfig */,
				7C177E265BF4B7D42CCE5218 /* Pods-寒假项目.release.xcconfig */,
			);
			name = Pods;
			sourceTree = "<group>";
		};
/* End PBXGroup section */

/* Begin PBXNativeTarget section */
		845FCBF821F1A2C700449278 /* 寒假项目 */ = {
			isa = PBXNativeTarget;
			buildConfigurationList = 845FCC2521F1A2CE00449278 /* Build configuration list for PBXNativeTarget "寒假项目" */;
			buildPhases = (
				A913798F410C777632D9AA5E /* [CP] Check Pods Manifest.lock */,
				845FCBF521F1A2C700449278 /* Sources */,
				845FCBF621F1A2C700449278 /* Frameworks */,
				845FCBF721F1A2C700449278 /* Resources */,
			);
			buildRules = (
			);
			dependencies = (
			);
			name = "寒假项目";
			productName = "寒假项目";
			productReference = 845FCBF921F1A2C700449278 /* 寒假项目.app */;
			productType = "com.apple.product-type.application";
		};
		845FCC1021F1A2CE00449278 /* 寒假项目Tests */ = {
			isa = PBXNativeTarget;
			buildConfigurationList = 845FCC2821F1A2CE00449278 /* Build configuration list for PBXNativeTarget "寒假项目Tests" */;
			buildPhases = (
				845FCC0D21F1A2CE00449278 /* Sources */,
				845FCC0E21F1A2CE00449278 /* Frameworks */,
				845FCC0F21F1A2CE00449278 /* Resources */,
			);
			buildRules = (
			);
			dependencies = (
				845FCC1321F1A2CE00449278 /* PBXTargetDependency */,
			);
			name = "寒假项目Tests";
			productName = "寒假项目Tests";
			productReference = 845FCC1121F1A2CE00449278 /* 寒假项目Tests.xctest */;
			productType = "com.apple.product-type.bundle.unit-test";
		};
		845FCC1B21F1A2CE00449278 /* 寒假项目UITests */ = {
			isa = PBXNativeTarget;
			buildConfigurationList = 845FCC2B21F1A2CE00449278 /* Build configuration list for PBXNativeTarget "寒假项目UITests" */;
			buildPhases = (
				845FCC1821F1A2CE00449278 /* Sources */,
				845FCC1921F1A2CE00449278 /* Frameworks */,
				845FCC1A21F1A2CE00449278 /* Resources */,
			);
			buildRules = (
			);
			dependencies = (
				845FCC1E21F1A2CE00449278 /* PBXTargetDependency */,
			);
			name = "寒假项目UITests";
			productName = "寒假项目UITests";
			productReference = 845FCC1C21F1A2CE00449278 /* 寒假项目UITests.xctest */;
			productType = "com.apple.product-type.bundle.ui-testing";
		};
/* End PBXNativeTarget section */

/* Begin PBXProject section */
		845FCBF121F1A2C700449278 /* Project object */ = {
			isa = PBXProject;
			attributes = {
				LastUpgradeCheck = 0940;
				ORGANIZATIONNAME = "康思婉";
				TargetAttributes = {
					845FCBF821F1A2C700449278 = {
						CreatedOnToolsVersion = 9.4.1;
					};
					845FCC1021F1A2CE00449278 = {
						CreatedOnToolsVersion = 9.4.1;
						TestTargetID = 845FCBF821F1A2C700449278;
					};
					845FCC1B21F1A2CE00449278 = {
						CreatedOnToolsVersion = 9.4.1;
						TestTargetID = 845FCBF821F1A2C700449278;
					};
				};
			};
			buildConfigurationList = 845FCBF421F1A2C700449278 /* Build configuration list for PBXProject "寒假项目" */;
			compatibilityVersion = "Xcode 9.3";
			developmentRegion = en;
			hasScannedForEncodings = 0;
			knownRegions = (
				en,
				Base,
			);
			mainGroup = 845FCBF021F1A2C700449278;
			productRefGroup = 845FCBFA21F1A2C700449278 /* Products */;
			projectDirPath = "";
			projectRoot = "";
			targets = (
				845FCBF821F1A2C700449278 /* 寒假项目 */,
				845FCC1021F1A2CE00449278 /* 寒假项目Tests */,
				845FCC1B21F1A2CE00449278 /* 寒假项目UITests */,
			);
		};
/* End PBXProject section */

/* Begin PBXResourcesBuildPhase section */
		845FCBF721F1A2C700449278 /* Resources */ = {
			isa = PBXResourcesBuildPhase;
			buildActionMask = 2147483647;
			files = (
				8404C23A21F325220070D11C /* 0.jpeg in Resources */,
				845FCC0921F1A2CE00449278 /* LaunchScreen.storyboard in Resources */,
				8404C24221F3255E0070D11C /* 4.jpeg in Resources */,
				8404C24421F325620070D11C /* 3.jpeg in Resources */,
				84A65A26221471A100A161B7 /* back.png in Resources */,
				84EBA59321F8E59900DC60C9 /* collection1.png in Resources */,
				8404C24021F325580070D11C /* 5.jpeg in Resources */,
				8404C24621F325660070D11C /* 2.jpeg in Resources */,
				8404C24821F3256B0070D11C /* 1.jpeg in Resources */,
				84EBA59521F8E5B200DC60C9 /* collection0.png in Resources */,
				84EBA59121F8E58700DC60C9 /* voice.png in Resources */,
				8404C23E21F325530070D11C /* 6.jpeg in Resources */,
				845FCC0621F1A2CE00449278 /* Assets.xcassets in Resources */,
				845FCC0421F1A2C700449278 /* Main.storyboard in Resources */,
			);
			runOnlyForDeploymentPostprocessing = 0;
		};
		845FCC0F21F1A2CE00449278 /* Resources */ = {
			isa = PBXResourcesBuildPhase;
			buildActionMask = 2147483647;
			files = (
			);
			runOnlyForDeploymentPostprocessing = 0;
		};
		845FCC1A21F1A2CE00449278 /* Resources */ = {
			isa = PBXResourcesBuildPhase;
			buildActionMask = 2147483647;
			files = (
			);
			runOnlyForDeploymentPostprocessing = 0;
		};
/* End PBXResourcesBuildPhase section */

/* Begin PBXShellScriptBuildPhase section */
		A913798F410C777632D9AA5E /* [CP] Check Pods Manifest.lock */ = {
			isa = PBXShellScriptBuildPhase;
			buildActionMask = 2147483647;
			files = (
			);
			inputPaths = (
				"${PODS_PODFILE_DIR_PATH}/Podfile.lock",
				"${PODS_ROOT}/Manifest.lock",
			);
			name = "[CP] Check Pods Manifest.lock";
			outputPaths = (
				"$(DERIVED_FILE_DIR)/Pods-寒假项目-checkManifestLockResult.txt",
			);
			runOnlyForDeploymentPostprocessing = 0;
			shellPath = /bin/sh;
			shellScript = "diff \"${PODS_PODFILE_DIR_PATH}/Podfile.lock\" \"${PODS_ROOT}/Manifest.lock\" > /dev/null\nif [ $? != 0 ] ; then\n    # print error to STDERR\n    echo \"error: The sandbox is not in sync with the Podfile.lock. Run 'pod install' or update your CocoaPods installation.\" >&2\n    exit 1\nfi\n# This output is used by Xcode 'outputs' to avoid re-running this script phase.\necho \"SUCCESS\" > \"${SCRIPT_OUTPUT_FILE_0}\"\n";
			showEnvVarsInLog = 0;
		};
/* End PBXShellScriptBuildPhase section */

/* Begin PBXSourcesBuildPhase section */
		845FCBF521F1A2C700449278 /* Sources */ = {
			isa = PBXSourcesBuildPhase;
			buildActionMask = 2147483647;
			files = (
				8402985221F769FC00BDE243 /* TableViewCell.m in Sources */,
				8402985E21F7864D00BDE243 /* Part3_TableViewCell.m in Sources */,
				845FCC0121F1A2C700449278 /* ViewController.m in Sources */,
				8404C23221F314400070D11C /* YModel.m in Sources */,
				84A65A24221461B500A161B7 /* YWebView.m in Sources */,
				8404C23521F314540070D11C /* YView.m in Sources */,
				845FCC0C21F1A2CE00449278 /* main.m in Sources */,
				8402985821F7862700BDE243 /* Part1_TableViewCell.m in Sources */,
				84B27A2F22007D3A007F3069 /* YSegleHand.m in Sources */,
				84B1BBB121F4557E002499A2 /* JModel.m in Sources */,
				845FCBFE21F1A2C700449278 /* AppDelegate.m in Sources */,
				8402985521F77E6300BDE243 /* MoveView.m in Sources */,
				8402985B21F7863E00BDE243 /* Part2_TableViewCell.m in Sources */,
			);
			runOnlyForDeploymentPostprocessing = 0;
		};
		845FCC0D21F1A2CE00449278 /* Sources */ = {
			isa = PBXSourcesBuildPhase;
			buildActionMask = 2147483647;
			files = (
				845FCC1621F1A2CE00449278 /* ____Tests.m in Sources */,
			);
			runOnlyForDeploymentPostprocessing = 0;
		};
		845FCC1821F1A2CE00449278 /* Sources */ = {
			isa = PBXSourcesBuildPhase;
			buildActionMask = 2147483647;
			files = (
				845FCC2121F1A2CE00449278 /* ____UITests.m in Sources */,
			);
			runOnlyForDeploymentPostprocessing = 0;
		};
/* End PBXSourcesBuildPhase section */

/* Begin PBXTargetDependency section */
		845FCC1321F1A2CE00449278 /* PBXTargetDependency */ = {
			isa = PBXTargetDependency;
			target = 845FCBF821F1A2C700449278 /* 寒假项目 */;
			targetProxy = 845FCC1221F1A2CE00449278 /* PBXContainerItemProxy */;
		};
		845FCC1E21F1A2CE00449278 /* PBXTargetDependency */ = {
			isa = PBXTargetDependency;
			target = 845FCBF821F1A2C700449278 /* 寒假项目 */;
			targetProxy = 845FCC1D21F1A2CE00449278 /* PBXContainerItemProxy */;
		};
/* End PBXTargetDependency section */

/* Begin PBXVariantGroup section */
		845FCC0221F1A2C700449278 /* Main.storyboard */ = {
			isa = PBXVariantGroup;
			children = (
				845FCC0321F1A2C700449278 /* Base */,
			);
			name = Main.storyboard;
			sourceTree = "<group>";
		};
		845FCC0721F1A2CE00449278 /* LaunchScreen.storyboard */ = {
			isa = PBXVariantGroup;
			children = (
				845FCC0821F1A2CE00449278 /* Base */,
			);
			name = LaunchScreen.storyboard;
			sourceTree = "<group>";
		};
/* End PBXVariantGroup section */

/* Begin XCBuildConfiguration section */
		845FCC2321F1A2CE00449278 /* Debug */ = {
			isa = XCBuildConfiguration;
			buildSettings = {
				ALWAYS_SEARCH_USER_PATHS = NO;
				CLANG_ANALYZER_NONNULL = YES;
				CLANG_ANALYZER_NUMBER_OBJECT_CONVERSION = YES_AGGRESSIVE;
				CLANG_CXX_LANGUAGE_STANDARD = "gnu++14";
				CLANG_CXX_LIBRARY = "libc++";
				CLANG_ENABLE_MODULES = YES;
				CLANG_ENABLE_OBJC_ARC = YES;
				CLANG_ENABLE_OBJC_WEAK = YES;
				CLANG_WARN_BLOCK_CAPTURE_AUTORELEASING = YES;
				CLANG_WARN_BOOL_CONVERSION = YES;
				CLANG_WARN_COMMA = YES;
				CLANG_WARN_CONSTANT_CONVERSION = YES;
				CLANG_WARN_DEPRECATED_OBJC_IMPLEMENTATIONS = YES;
				CLANG_WARN_DIRECT_OBJC_ISA_USAGE = YES_ERROR;
				CLANG_WARN_DOCUMENTATION_COMMENTS = YES;
				CLANG_WARN_EMPTY_BODY = YES;
				CLANG_WARN_ENUM_CONVERSION = YES;
				CLANG_WARN_INFINITE_RECURSION = YES;
				CLANG_WARN_INT_CONVERSION = YES;
				CLANG_WARN_NON_LITERAL_NULL_CONVERSION = YES;
				CLANG_WARN_OBJC_IMPLICIT_RETAIN_SELF = YES;
				CLANG_WARN_OBJC_LITERAL_CONVERSION = YES;
				CLANG_WARN_OBJC_ROOT_CLASS = YES_ERROR;
				CLANG_WARN_RANGE_LOOP_ANALYSIS = YES;
				CLANG_WARN_STRICT_PROTOTYPES = YES;
				CLANG_WARN_SUSPICIOUS_MOVE = YES;
				CLANG_WARN_UNGUARDED_AVAILABILITY = YES_AGGRESSIVE;
				CLANG_WARN_UNREACHABLE_CODE = YES;
				CLANG_WARN__DUPLICATE_METHOD_MATCH = YES;
				CODE_SIGN_IDENTITY = "iPhone Developer";
				COPY_PHASE_STRIP = NO;
				DEBUG_INFORMATION_FORMAT = dwarf;
				ENABLE_STRICT_OBJC_MSGSEND = YES;
				ENABLE_TESTABILITY = YES;
				GCC_C_LANGUAGE_STANDARD = gnu11;
				GCC_DYNAMIC_NO_PIC = NO;
				GCC_NO_COMMON_BLOCKS = YES;
				GCC_OPTIMIZATION_LEVEL = 0;
				GCC_PREPROCESSOR_DEFINITIONS = (
					"DEBUG=1",
					"$(inherited)",
				);
				GCC_WARN_64_TO_32_BIT_CONVERSION = YES;
				GCC_WARN_ABOUT_RETURN_TYPE = YES_ERROR;
				GCC_WARN_UNDECLARED_SELECTOR = YES;
				GCC_WARN_UNINITIALIZED_AUTOS = YES_AGGRESSIVE;
				GCC_WARN_UNUSED_FUNCTION = YES;
				GCC_WARN_UNUSED_VARIABLE = YES;
				IPHONEOS_DEPLOYMENT_TARGET = 11.4;
				MTL_ENABLE_DEBUG_INFO = YES;
				ONLY_ACTIVE_ARCH = YES;
				SDKROOT = iphoneos;
			};
			name = Debug;
		};
		845FCC2421F1A2CE00449278 /* Release */ = {
			isa = XCBuildConfiguration;
			buildSettings = {
				ALWAYS_SEARCH_USER_PATHS = NO;
				CLANG_ANALYZER_NONNULL = YES;
				CLANG_ANALYZER_NUMBER_OBJECT_CONVERSION = YES_AGGRESSIVE;
				CLANG_CXX_LANGUAGE_STANDARD = "gnu++14";
				CLANG_CXX_LIBRARY = "libc++";
				CLANG_ENABLE_MODULES = YES;
				CLANG_ENABLE_OBJC_ARC = YES;
				CLANG_ENABLE_OBJC_WEAK = YES;
				CLANG_WARN_BLOCK_CAPTURE_AUTORELEASING = YES;
				CLANG_WARN_BOOL_CONVERSION = YES;
				CLANG_WARN_COMMA = YES;
				CLANG_WARN_CONSTANT_CONVERSION = YES;
				CLANG_WARN_DEPRECATED_OBJC_IMPLEMENTATIONS = YES;
				CLANG_WARN_DIRECT_OBJC_ISA_USAGE = YES_ERROR;
				CLANG_WARN_DOCUMENTATION_COMMENTS = YES;
				CLANG_WARN_EMPTY_BODY = YES;
				CLANG_WARN_ENUM_CONVERSION = YES;
				CLANG_WARN_INFINITE_RECURSION = YES;
				CLANG_WARN_INT_CONVERSION = YES;
				CLANG_WARN_NON_LITERAL_NULL_CONVERSION = YES;
				CLANG_WARN_OBJC_IMPLICIT_RETAIN_SELF = YES;
				CLANG_WARN_OBJC_LITERAL_CONVERSION = YES;
				CLANG_WARN_OBJC_ROOT_CLASS = YES_ERROR;
				CLANG_WARN_RANGE_LOOP_ANALYSIS = YES;
				CLANG_WARN_STRICT_PROTOTYPES = YES;
				CLANG_WARN_SUSPICIOUS_MOVE = YES;
				CLANG_WARN_UNGUARDED_AVAILABILITY = YES_AGGRESSIVE;
				CLANG_WARN_UNREACHABLE_CODE = YES;
				CLANG_WARN__DUPLICATE_METHOD_MATCH = YES;
				CODE_SIGN_IDENTITY = "iPhone Developer";
				COPY_PHASE_STRIP = NO;
				DEBUG_INFORMATION_FORMAT = "dwarf-with-dsym";
				ENABLE_NS_ASSERTIONS = NO;
				ENABLE_STRICT_OBJC_MSGSEND = YES;
				GCC_C_LANGUAGE_STANDARD = gnu11;
				GCC_NO_COMMON_BLOCKS = YES;
				GCC_WARN_64_TO_32_BIT_CONVERSION = YES;
				GCC_WARN_ABOUT_RETURN_TYPE = YES_ERROR;
				GCC_WARN_UNDECLARED_SELECTOR = YES;
				GCC_WARN_UNINITIALIZED_AUTOS = YES_AGGRESSIVE;
				GCC_WARN_UNUSED_FUNCTION = YES;
				GCC_WARN_UNUSED_VARIABLE = YES;
				IPHONEOS_DEPLOYMENT_TARGET = 11.4;
				MTL_ENABLE_DEBUG_INFO = NO;
				SDKROOT = iphoneos;
				VALIDATE_PRODUCT = YES;
			};
			name = Release;
		};
		845FCC2621F1A2CE00449278 /* Debug */ = {
			isa = XCBuildConfiguration;
			baseConfigurationReference = 5120EEC414618F5A533B3DBD /* Pods-寒假项目.debug.xcconfig */;
			buildSettings = {
				ASSETCATALOG_COMPILER_APPICON_NAME = AppIcon;
				CODE_SIGN_STYLE = Automatic;
				INFOPLIST_FILE = "寒假项目/Info.plist";
				LD_RUNPATH_SEARCH_PATHS = (
					"$(inherited)",
					"@executable_path/Frameworks",
				);
				PRODUCT_BUNDLE_IDENTIFIER = "test.----";
				PRODUCT_NAME = "$(TARGET_NAME)";
				TARGETED_DEVICE_FAMILY = "1,2";
			};
			name = Debug;
		};
		845FCC2721F1A2CE00449278 /* Release */ = {
			isa = XCBuildConfiguration;
			baseConfigurationReference = 7C177E265BF4B7D42CCE5218 /* Pods-寒假项目.release.xcconfig */;
			buildSettings = {
				ASSETCATALOG_COMPILER_APPICON_NAME = AppIcon;
				CODE_SIGN_STYLE = Automatic;
				INFOPLIST_FILE = "寒假项目/Info.plist";
				LD_RUNPATH_SEARCH_PATHS = (
					"$(inherited)",
					"@executable_path/Frameworks",
				);
				PRODUCT_BUNDLE_IDENTIFIER = "test.----";
				PRODUCT_NAME = "$(TARGET_NAME)";
				TARGETED_DEVICE_FAMILY = "1,2";
			};
			name = Release;
		};
		845FCC2921F1A2CE00449278 /* Debug */ = {
			isa = XCBuildConfiguration;
			buildSettings = {
				BUNDLE_LOADER = "$(TEST_HOST)";
				CODE_SIGN_STYLE = Automatic;
				INFOPLIST_FILE = "寒假项目Tests/Info.plist";
				LD_RUNPATH_SEARCH_PATHS = (
					"$(inherited)",
					"@executable_path/Frameworks",
					"@loader_path/Frameworks",
				);
				PRODUCT_BUNDLE_IDENTIFIER = "test.----Tests";
				PRODUCT_NAME = "$(TARGET_NAME)";
				TARGETED_DEVICE_FAMILY = "1,2";
				TEST_HOST = "$(BUILT_PRODUCTS_DIR)/寒假项目.app/寒假项目";
			};
			name = Debug;
		};
		845FCC2A21F1A2CE00449278 /* Release */ = {
			isa = XCBuildConfiguration;
			buildSettings = {
				BUNDLE_LOADER = "$(TEST_HOST)";
				CODE_SIGN_STYLE = Automatic;
				INFOPLIST_FILE = "寒假项目Tests/Info.plist";
				LD_RUNPATH_SEARCH_PATHS = (
					"$(inherited)",
					"@executable_path/Frameworks",
					"@loader_path/Frameworks",
				);
				PRODUCT_BUNDLE_IDENTIFIER = "test.----Tests";
				PRODUCT_NAME = "$(TARGET_NAME)";
				TARGETED_DEVICE_FAMILY = "1,2";
				TEST_HOST = "$(BUILT_PRODUCTS_DIR)/寒假项目.app/寒假项目";
			};
			name = Release;
		};
		845FCC2C21F1A2CE00449278 /* Debug */ = {
			isa = XCBuildConfiguration;
			buildSettings = {
				CODE_SIGN_STYLE = Automatic;
				INFOPLIST_FILE = "寒假项目UITests/Info.plist";
				LD_RUNPATH_SEARCH_PATHS = (
					"$(inherited)",
					"@executable_path/Frameworks",
					"@loader_path/Frameworks",
				);
				PRODUCT_BUNDLE_IDENTIFIER = "test.----UITests";
				PRODUCT_NAME = "$(TARGET_NAME)";
				TARGETED_DEVICE_FAMILY = "1,2";
				TEST_TARGET_NAME = "寒假项目";
			};
			name = Debug;
		};
		845FCC2D21F1A2CE00449278 /* Release */ = {
			isa = XCBuildConfiguration;
			buildSettings = {
				CODE_SIGN_STYLE = Automatic;
				INFOPLIST_FILE = "寒假项目UITests/Info.plist";
				LD_RUNPATH_SEARCH_PATHS = (
					"$(inherited)",
					"@executable_path/Frameworks",
					"@loader_path/Frameworks",
				);
				PRODUCT_BUNDLE_IDENTIFIER = "test.----UITests";
				PRODUCT_NAME = "$(TARGET_NAME)";
				TARGETED_DEVICE_FAMILY = "1,2";
				TEST_TARGET_NAME = "寒假项目";
			};
			name = Release;
		};
/* End XCBuildConfiguration section */

/* Begin XCConfigurationList section */
		845FCBF421F1A2C700449278 /* Build configuration list for PBXProject "寒假项目" */ = {
			isa = XCConfigurationList;
			buildConfigurations = (
				845FCC2321F1A2CE00449278 /* Debug */,
				845FCC2421F1A2CE00449278 /* Release */,
			);
			defaultConfigurationIsVisible = 0;
			defaultConfigurationName = Release;
		};
		845FCC2521F1A2CE00449278 /* Build configuration list for PBXNativeTarget "寒假项目" */ = {
			isa = XCConfigurationList;
			buildConfigurations = (
				845FCC2621F1A2CE00449278 /* Debug */,
				845FCC2721F1A2CE00449278 /* Release */,
			);
			defaultConfigurationIsVisible = 0;
			defaultConfigurationName = Release;
		};
		845FCC2821F1A2CE00449278 /* Build configuration list for PBXNativeTarget "寒假项目Tests" */ = {
			isa = XCConfigurationList;
			buildConfigurations = (
				845FCC2921F1A2CE00449278 /* Debug */,
				845FCC2A21F1A2CE00449278 /* Release */,
			);
			defaultConfigurationIsVisible = 0;
			defaultConfigurationName = Release;
		};
		845FCC2B21F1A2CE00449278 /* Build configuration list for PBXNativeTarget "寒假项目UITests" */ = {
			isa = XCConfigurationList;
			buildConfigurations = (
				845FCC2C21F1A2CE00449278 /* Debug */,
				845FCC2D21F1A2CE00449278 /* Release */,
			);
			defaultConfigurationIsVisible = 0;
			defaultConfigurationName = Release;
		};
/* End XCConfigurationList section */
	};
	rootObject = 845FCBF121F1A2C700449278 /* Project object */;
}
